
Microsoft Visual Studio Solution File, Format Version 12.00
# Visual Studio 2012
Project("{FAE04EC0-301F-11D3-BF4B-00C04F79EFBC}") = "Example_3DES_RSA", "ConsoleApplication1\Example_3DES_RSA.csproj", "{09574F50-444C-48B2-8F34-AEC88906F4B5}"
EndProject
Global
	GlobalSection(SolutionConfigurationPlatforms) = preSolution
		Debug|Any CPU = Debug|Any CPU
		Release|Any CPU = Release|Any CPU
	EndGlobalSection
	GlobalSection(ProjectConfigurationPlatforms) = postSolution
		{09574F50-444C-48B2-8F34-AEC88906F4B5}.Debug|Any CPU.ActiveCfg = Debug|Any CPU
		{09574F50-444C-48B2-8F34-AEC88906F4B5}.Debug|Any CPU.Build.0 = Debug|Any CPU
		{09574F50-444C-48B2-8F34-AEC88906F4B5}.Release|Any CPU.ActiveCfg = Release|Any CPU
		{09574F50-444C-48B2-8F34-AEC88906F4B5}.Release|Any CPU.Build.0 = Release|Any CPU
	EndGlobalSection
	GlobalSection(SolutionProperties) = preSolution
		HideSolutionNode = FALSE
	EndGlobalSection
EndGlobal
